{
  "version": 4,
  "terraform_version": "1.9.0",
  "serial": 73,
  "lineage": "850e737d-1a75-2053-9452-1845ceaecff3",
  "outputs": {
    "summary": {
      "value": {
        "VIP": "10.0.10.100 (VLAN 10 DMZ, geree par Keepalived)",
        "dns-auth-01": "10.0.20.11 (pve-02, VLAN 20) - BIND9",
        "dns-rec-01": "10.0.20.10 (pve-02, VLAN 20) - AdGuard Home",
        "lb-01": "10.0.10.11 (pve-01, VLAN 10) - MASTER",
        "lb-02": "10.0.10.12 (pve-02, VLAN 10) - BACKUP",
        "pgsql-01": "10.0.50.10 (pve-03, VLAN 50)",
        "web-01": "10.0.40.11 (pve-01, VLAN 40)",
        "web-02": "10.0.40.12 (pve-02, VLAN 40)",
        "web-03": "10.0.40.13 (pve-03, VLAN 40)"
      },
      "type": [
        "object",
        {
          "VIP": "string",
          "dns-auth-01": "string",
          "dns-rec-01": "string",
          "lb-01": "string",
          "lb-02": "string",
          "pgsql-01": "string",
          "web-01": "string",
          "web-02": "string",
          "web-03": "string"
        }
      ]
    }
  },
  "resources": [
    {
      "mode": "managed",
      "type": "local_file",
      "name": "ansible_inventory",
      "provider": "provider[\"registry.terraform.io/hashicorp/local\"]",
      "instances": [
        {
          "schema_version": 0,
          "attributes": {
            "content": "# =============================================================================\n# Inventaire Ansible - genere automatiquement par Terraform\n# NE PAS EDITER A LA MAIN\n# =============================================================================\n\n[dns_recursive]\ndns-rec-01 ansible_host=10.0.20.10\n\n[dns_authoritative]\ndns-auth-01 ansible_host=10.0.20.11\n\n[dns_servers:children]\ndns_recursive\ndns_authoritative\n\n[database_servers]\npgsql-01 ansible_host=10.0.50.10\n\n[web_servers]\nweb-01 ansible_host=10.0.40.11\nweb-02 ansible_host=10.0.40.12\nweb-03 ansible_host=10.0.40.13\n\n[load_balancers]\nlb-01 ansible_host=10.0.10.11 keepalived_state=MASTER keepalived_priority=110\nlb-02 ansible_host=10.0.10.12 keepalived_state=BACKUP keepalived_priority=100\n\n[cluster_web:children]\nweb_servers\nload_balancers\n\n[infra:children]\ndns_servers\ndatabase_servers\ncluster_web\n\n[infra:vars]\nansible_user=root\nansible_ssh_private_key_file=~/.ssh/proxmox_lab\nansible_ssh_common_args='-o StrictHostKeyChecking=no -o UserKnownHostsFile=/dev/null'\nansible_python_interpreter=/usr/bin/python3\n",
            "content_base64": null,
            "content_base64sha256": "t6lI42sr0wivSdw9P7LqF/Myo8tNtz5UKjgm9L8Pf+g=",
            "content_base64sha512": "5Rt8xpi/k6b2IR0fk8cOAaxeQiEgiMtnj8G5ZJkcAtyHhxxVe5iAw0r+/H8KUo6j5DZHqQoLdbyKuBQAKrXKUw==",
            "content_md5": "8fb2751dea40f4d08331b37e517829a7",
            "content_sha1": "a6d7f2cabdafacb55aa4d3b865ee1ea428e36dad",
            "content_sha256": "b7a948e36b2bd308af49dc3d3fb2ea17f332a3cb4db73e542a3826f4bf0f7fe8",
            "content_sha512": "e51b7cc698bf93a6f6211d1f93c70e01ac5e42212088cb678fc1b964991c02dc87871c557b9880c34afefc7f0a528ea3e43647a90a0b75bc8ab814002ab5ca53",
            "directory_permission": "0777",
            "file_permission": "0777",
            "filename": "./../ansible/inventory.ini",
            "id": "a6d7f2cabdafacb55aa4d3b865ee1ea428e36dad",
            "sensitive_content": null,
            "source": null
          },
          "sensitive_attributes": [
            [
              {
                "type": "get_attr",
                "value": "sensitive_content"
              }
            ]
          ]
        }
      ]
    },
    {
      "mode": "managed",
      "type": "proxmox_virtual_environment_container",
      "name": "dns_auth_01",
      "provider": "provider[\"registry.terraform.io/bpg/proxmox\"]",
      "instances": [
        {
          "schema_version": 0,
          "attributes": {
            "clone": [],
            "console": [],
            "cpu": [
              {
                "architecture": "amd64",
                "cores": 1,
                "limit": 0,
                "units": 0
              }
            ],
            "description": "DNS autoritaire BIND9 pour la zone infra.lan (VLAN 20 CORE)\n",
            "device_passthrough": [],
            "disk": [
              {
                "acl": false,
                "datastore_id": "ceph_vm",
                "mount_options": null,
                "path_in_datastore": "ceph_vm:vm-202-disk-0",
                "quota": false,
                "replicate": false,
                "size": 2
              }
            ],
            "environment_variables": null,
            "features": [
              {
                "fuse": false,
                "keyctl": false,
                "mknod": false,
                "mount": null,
                "nesting": false
              }
            ],
            "hook_script_file_id": "",
            "id": "202",
            "idmap": [],
            "initialization": [
              {
                "dns": [
                  {
                    "domain": "infra.lan",
                    "server": "",
                    "servers": [
                      "10.0.20.10",
                      "1.1.1.1"
                    ]
                  }
                ],
                "entrypoint": "",
                "hostname": "dns-auth-01",
                "ip_config": [
                  {
                    "ipv4": [
                      {
                        "address": "10.0.20.11/24",
                        "gateway": "10.0.20.1"
                      }
                    ],
                    "ipv6": []
                  }
                ],
                "user_account": [
                  {
                    "keys": [
                      "ssh-ed25519 AAAAC3NzaC1lZDI1NTE5AAAAIDM3g/RGPiRTceazJfciW3V8UfWTUyI1j85WR8kUHqok root@deploy-bastion"
                    ],
                    "password": "ChangeMe2026!"
                  }
                ]
              }
            ],
            "ipv4": {
              "eth0": "10.0.20.11"
            },
            "ipv6": {
              "eth0": "fe80::be24:11ff:feed:8f7d"
            },
            "memory": [
              {
                "dedicated": 512,
                "swap": 512
              }
            ],
            "mount_point": [],
            "network_interface": [
              {
                "bridge": "vmbr3",
                "enabled": true,
                "firewall": false,
                "host_managed": false,
                "mac_address": "BC:24:11:ED:8F:7D",
                "mtu": 0,
                "name": "eth0",
                "rate_limit": 0,
                "vlan_id": 20
              }
            ],
            "node_name": "pve-02",
            "operating_system": [
              {
                "template_file_id": "local:vztmpl/debian-13-standard_13.1-2_amd64.tar.zst",
                "type": "debian"
              }
            ],
            "pool_id": null,
            "protection": false,
            "start_on_boot": true,
            "started": true,
            "startup": [
              {
                "down_delay": 5,
                "order": 11,
                "up_delay": 5
              }
            ],
            "tags": [
              "authoritative",
              "bind9",
              "dns",
              "infra",
              "vlan20"
            ],
            "template": false,
            "timeout_clone": 1800,
            "timeout_create": 1800,
            "timeout_delete": 60,
            "timeout_start": 300,
            "timeout_update": 1800,
            "unprivileged": true,
            "vm_id": 202,
            "wait_for_ip": []
          },
          "sensitive_attributes": [
            [
              {
                "type": "get_attr",
                "value": "initialization"
              },
              {
                "type": "index",
                "value": {
                  "value": 0,
                  "type": "number"
                }
              },
              {
                "type": "get_attr",
                "value": "user_account"
              },
              {
                "type": "index",
                "value": {
                  "value": 0,
                  "type": "number"
                }
              },
              {
                "type": "get_attr",
                "value": "password"
              }
            ]
          ],
          "private": "bnVsbA=="
        }
      ]
    },
    {
      "mode": "managed",
      "type": "proxmox_virtual_environment_container",
      "name": "dns_rec_01",
      "provider": "provider[\"registry.terraform.io/bpg/proxmox\"]",
      "instances": [
        {
          "schema_version": 0,
          "attributes": {
            "clone": [],
            "console": [],
            "cpu": [
              {
                "architecture": "amd64",
                "cores": 1,
                "limit": 0,
                "units": 0
              }
            ],
            "description": "DNS recursif AdGuard Home avec filtrage publicitaire (VLAN 20 CORE)\n",
            "device_passthrough": [],
            "disk": [
              {
                "acl": false,
                "datastore_id": "ceph_vm",
                "mount_options": null,
                "path_in_datastore": "ceph_vm:vm-201-disk-0",
                "quota": false,
                "replicate": false,
                "size": 2
              }
            ],
            "environment_variables": null,
            "features": [
              {
                "fuse": false,
                "keyctl": false,
                "mknod": false,
                "mount": null,
                "nesting": false
              }
            ],
            "hook_script_file_id": "",
            "id": "201",
            "idmap": [],
            "initialization": [
              {
                "dns": [
                  {
                    "domain": "infra.lan",
                    "server": "",
                    "servers": [
                      "1.1.1.1",
                      "9.9.9.9"
                    ]
                  }
                ],
                "entrypoint": "",
                "hostname": "dns-rec-01",
                "ip_config": [
                  {
                    "ipv4": [
                      {
                        "address": "10.0.20.10/24",
                        "gateway": "10.0.20.1"
                      }
                    ],
                    "ipv6": []
                  }
                ],
                "user_account": [
                  {
                    "keys": [
                      "ssh-ed25519 AAAAC3NzaC1lZDI1NTE5AAAAIDM3g/RGPiRTceazJfciW3V8UfWTUyI1j85WR8kUHqok root@deploy-bastion"
                    ],
                    "password": "ChangeMe2026!"
                  }
                ]
              }
            ],
            "ipv4": {
              "eth0": "10.0.20.10"
            },
            "ipv6": {
              "eth0": "fe80::be24:11ff:fe63:406b"
            },
            "memory": [
              {
                "dedicated": 512,
                "swap": 512
              }
            ],
            "mount_point": [],
            "network_interface": [
              {
                "bridge": "vmbr3",
                "enabled": true,
                "firewall": false,
                "host_managed": false,
                "mac_address": "BC:24:11:63:40:6B",
                "mtu": 0,
                "name": "eth0",
                "rate_limit": 0,
                "vlan_id": 20
              }
            ],
            "node_name": "pve-02",
            "operating_system": [
              {
                "template_file_id": "local:vztmpl/debian-13-standard_13.1-2_amd64.tar.zst",
                "type": "debian"
              }
            ],
            "pool_id": null,
            "protection": false,
            "start_on_boot": true,
            "started": true,
            "startup": [
              {
                "down_delay": 5,
                "order": 10,
                "up_delay": 5
              }
            ],
            "tags": [
              "adguard",
              "dns",
              "infra",
              "recursive",
              "vlan20"
            ],
            "template": false,
            "timeout_clone": 1800,
            "timeout_create": 1800,
            "timeout_delete": 60,
            "timeout_start": 300,
            "timeout_update": 1800,
            "unprivileged": true,
            "vm_id": 201,
            "wait_for_ip": []
          },
          "sensitive_attributes": [
            [
              {
                "type": "get_attr",
                "value": "initialization"
              },
              {
                "type": "index",
                "value": {
                  "value": 0,
                  "type": "number"
                }
              },
              {
                "type": "get_attr",
                "value": "user_account"
              },
              {
                "type": "index",
                "value": {
                  "value": 0,
                  "type": "number"
                }
              },
              {
                "type": "get_attr",
                "value": "password"
              }
            ]
          ],
          "private": "bnVsbA=="
        }
      ]
    },
    {
      "mode": "managed",
      "type": "proxmox_virtual_environment_container",
      "name": "lb",
      "provider": "provider[\"registry.terraform.io/bpg/proxmox\"]",
      "instances": [
        {
          "index_key": "lb-01",
          "schema_version": 0,
          "attributes": {
            "clone": [],
            "console": [],
            "cpu": [
              {
                "architecture": "amd64",
                "cores": 1,
                "limit": 0,
                "units": 0
              }
            ],
            "description": "Load Balancer HAProxy + Keepalived (MASTER)\n",
            "device_passthrough": [],
            "disk": [
              {
                "acl": false,
                "datastore_id": "ceph_vm",
                "mount_options": null,
                "path_in_datastore": "ceph_vm:vm-411-disk-0",
                "quota": false,
                "replicate": false,
                "size": 4
              }
            ],
            "environment_variables": null,
            "features": [],
            "hook_script_file_id": "",
            "id": "411",
            "idmap": [],
            "initialization": [
              {
                "dns": [
                  {
                    "domain": "infra.lan",
                    "server": "",
                    "servers": [
                      "10.0.20.10",
                      "1.1.1.1"
                    ]
                  }
                ],
                "entrypoint": "",
                "hostname": "lb-01",
                "ip_config": [
                  {
                    "ipv4": [
                      {
                        "address": "10.0.10.11/24",
                        "gateway": "10.0.10.1"
                      }
                    ],
                    "ipv6": []
                  }
                ],
                "user_account": [
                  {
                    "keys": [
                      "ssh-ed25519 AAAAC3NzaC1lZDI1NTE5AAAAIDM3g/RGPiRTceazJfciW3V8UfWTUyI1j85WR8kUHqok root@deploy-bastion"
                    ],
                    "password": "ChangeMe2026!"
                  }
                ]
              }
            ],
            "ipv4": {
              "eth0": "10.0.10.11"
            },
            "ipv6": {
              "eth0": "fe80::be24:11ff:fec1:9860"
            },
            "memory": [
              {
                "dedicated": 512,
                "swap": 0
              }
            ],
            "mount_point": [],
            "network_interface": [
              {
                "bridge": "vmbr3",
                "enabled": true,
                "firewall": false,
                "host_managed": false,
                "mac_address": "BC:24:11:C1:98:60",
                "mtu": 0,
                "name": "eth0",
                "rate_limit": 0,
                "vlan_id": 10
              }
            ],
            "node_name": "pve-01",
            "operating_system": [
              {
                "template_file_id": "local:vztmpl/debian-13-standard_13.1-2_amd64.tar.zst",
                "type": "debian"
              }
            ],
            "pool_id": null,
            "protection": false,
            "start_on_boot": true,
            "started": true,
            "startup": [
              {
                "down_delay": 5,
                "order": 40,
                "up_delay": 5
              }
            ],
            "tags": [
              "dmz",
              "haproxy",
              "loadbalancer",
              "vlan10"
            ],
            "template": false,
            "timeout_clone": 1800,
            "timeout_create": 1800,
            "timeout_delete": 60,
            "timeout_start": 300,
            "timeout_update": 1800,
            "unprivileged": true,
            "vm_id": 411,
            "wait_for_ip": []
          },
          "sensitive_attributes": [
            [
              {
                "type": "get_attr",
                "value": "initialization"
              },
              {
                "type": "index",
                "value": {
                  "value": 0,
                  "type": "number"
                }
              },
              {
                "type": "get_attr",
                "value": "user_account"
              },
              {
                "type": "index",
                "value": {
                  "value": 0,
                  "type": "number"
                }
              },
              {
                "type": "get_attr",
                "value": "password"
              }
            ]
          ],
          "private": "bnVsbA==",
          "dependencies": [
            "proxmox_virtual_environment_container.dns_auth_01",
            "proxmox_virtual_environment_container.dns_rec_01",
            "proxmox_virtual_environment_container.pgsql_01",
            "proxmox_virtual_environment_container.web"
          ]
        },
        {
          "index_key": "lb-02",
          "schema_version": 0,
          "attributes": {
            "clone": [],
            "console": [],
            "cpu": [
              {
                "architecture": "amd64",
                "cores": 1,
                "limit": 0,
                "units": 0
              }
            ],
            "description": "Load Balancer HAProxy + Keepalived (BACKUP)\n",
            "device_passthrough": [],
            "disk": [
              {
                "acl": false,
                "datastore_id": "ceph_vm",
                "mount_options": null,
                "path_in_datastore": "ceph_vm:vm-412-disk-0",
                "quota": false,
                "replicate": false,
                "size": 4
              }
            ],
            "environment_variables": null,
            "features": [],
            "hook_script_file_id": "",
            "id": "412",
            "idmap": [],
            "initialization": [
              {
                "dns": [
                  {
                    "domain": "infra.lan",
                    "server": "",
                    "servers": [
                      "10.0.20.10",
                      "1.1.1.1"
                    ]
                  }
                ],
                "entrypoint": "",
                "hostname": "lb-02",
                "ip_config": [
                  {
                    "ipv4": [
                      {
                        "address": "10.0.10.12/24",
                        "gateway": "10.0.10.1"
                      }
                    ],
                    "ipv6": []
                  }
                ],
                "user_account": [
                  {
                    "keys": [
                      "ssh-ed25519 AAAAC3NzaC1lZDI1NTE5AAAAIDM3g/RGPiRTceazJfciW3V8UfWTUyI1j85WR8kUHqok root@deploy-bastion"
                    ],
                    "password": "ChangeMe2026!"
                  }
                ]
              }
            ],
            "ipv4": {
              "eth0": "10.0.10.12"
            },
            "ipv6": {
              "eth0": "fe80::be24:11ff:fe32:fc"
            },
            "memory": [
              {
                "dedicated": 512,
                "swap": 0
              }
            ],
            "mount_point": [],
            "network_interface": [
              {
                "bridge": "vmbr3",
                "enabled": true,
                "firewall": false,
                "host_managed": false,
                "mac_address": "BC:24:11:32:00:FC",
                "mtu": 0,
                "name": "eth0",
                "rate_limit": 0,
                "vlan_id": 10
              }
            ],
            "node_name": "pve-02",
            "operating_system": [
              {
                "template_file_id": "local:vztmpl/debian-13-standard_13.1-2_amd64.tar.zst",
                "type": "debian"
              }
            ],
            "pool_id": null,
            "protection": false,
            "start_on_boot": true,
            "started": true,
            "startup": [
              {
                "down_delay": 5,
                "order": 40,
                "up_delay": 5
              }
            ],
            "tags": [
              "dmz",
              "haproxy",
              "loadbalancer",
              "vlan10"
            ],
            "template": false,
            "timeout_clone": 1800,
            "timeout_create": 1800,
            "timeout_delete": 60,
            "timeout_start": 300,
            "timeout_update": 1800,
            "unprivileged": true,
            "vm_id": 412,
            "wait_for_ip": []
          },
          "sensitive_attributes": [
            [
              {
                "type": "get_attr",
                "value": "initialization"
              },
              {
                "type": "index",
                "value": {
                  "value": 0,
                  "type": "number"
                }
              },
              {
                "type": "get_attr",
                "value": "user_account"
              },
              {
                "type": "index",
                "value": {
                  "value": 0,
                  "type": "number"
                }
              },
              {
                "type": "get_attr",
                "value": "password"
              }
            ]
          ],
          "private": "bnVsbA==",
          "dependencies": [
            "proxmox_virtual_environment_container.dns_auth_01",
            "proxmox_virtual_environment_container.dns_rec_01",
            "proxmox_virtual_environment_container.pgsql_01",
            "proxmox_virtual_environment_container.web"
          ]
        }
      ]
    },
    {
      "mode": "managed",
      "type": "proxmox_virtual_environment_container",
      "name": "pgsql_01",
      "provider": "provider[\"registry.terraform.io/bpg/proxmox\"]",
      "instances": [
        {
          "schema_version": 0,
          "attributes": {
            "clone": [],
            "console": [],
            "cpu": [
              {
                "architecture": "amd64",
                "cores": 2,
                "limit": 0,
                "units": 0
              }
            ],
            "description": "Base de donnees PostgreSQL 17 (VLAN 50 BACKEND_DB)\n",
            "device_passthrough": [],
            "disk": [
              {
                "acl": false,
                "datastore_id": "ceph_vm",
                "mount_options": null,
                "path_in_datastore": "ceph_vm:vm-301-disk-0",
                "quota": false,
                "replicate": false,
                "size": 8
              }
            ],
            "environment_variables": null,
            "features": [
              {
                "fuse": false,
                "keyctl": false,
                "mknod": false,
                "mount": null,
                "nesting": false
              }
            ],
            "hook_script_file_id": "",
            "id": "301",
            "idmap": [],
            "initialization": [
              {
                "dns": [
                  {
                    "domain": "infra.lan",
                    "server": "",
                    "servers": [
                      "10.0.20.10",
                      "1.1.1.1"
                    ]
                  }
                ],
                "entrypoint": "",
                "hostname": "pgsql-01",
                "ip_config": [
                  {
                    "ipv4": [
                      {
                        "address": "10.0.50.10/24",
                        "gateway": "10.0.50.1"
                      }
                    ],
                    "ipv6": []
                  }
                ],
                "user_account": [
                  {
                    "keys": [
                      "ssh-ed25519 AAAAC3NzaC1lZDI1NTE5AAAAIDM3g/RGPiRTceazJfciW3V8UfWTUyI1j85WR8kUHqok root@deploy-bastion"
                    ],
                    "password": "ChangeMe2026!"
                  }
                ]
              }
            ],
            "ipv4": {
              "eth0": "10.0.50.10"
            },
            "ipv6": {
              "eth0": "fe80::be24:11ff:fe4e:4302"
            },
            "memory": [
              {
                "dedicated": 1024,
                "swap": 512
              }
            ],
            "mount_point": [],
            "network_interface": [
              {
                "bridge": "vmbr3",
                "enabled": true,
                "firewall": false,
                "host_managed": false,
                "mac_address": "BC:24:11:4E:43:02",
                "mtu": 0,
                "name": "eth0",
                "rate_limit": 0,
                "vlan_id": 50
              }
            ],
            "node_name": "pve-03",
            "operating_system": [
              {
                "template_file_id": "local:vztmpl/debian-13-standard_13.1-2_amd64.tar.zst",
                "type": "debian"
              }
            ],
            "pool_id": null,
            "protection": false,
            "start_on_boot": true,
            "started": true,
            "startup": [
              {
                "down_delay": 5,
                "order": 20,
                "up_delay": 5
              }
            ],
            "tags": [
              "backend",
              "database",
              "postgres",
              "vlan50"
            ],
            "template": false,
            "timeout_clone": 1800,
            "timeout_create": 1800,
            "timeout_delete": 60,
            "timeout_start": 300,
            "timeout_update": 1800,
            "unprivileged": true,
            "vm_id": 301,
            "wait_for_ip": []
          },
          "sensitive_attributes": [
            [
              {
                "type": "get_attr",
                "value": "initialization"
              },
              {
                "type": "index",
                "value": {
                  "value": 0,
                  "type": "number"
                }
              },
              {
                "type": "get_attr",
                "value": "user_account"
              },
              {
                "type": "index",
                "value": {
                  "value": 0,
                  "type": "number"
                }
              },
              {
                "type": "get_attr",
                "value": "password"
              }
            ]
          ],
          "private": "bnVsbA==",
          "dependencies": [
            "proxmox_virtual_environment_container.dns_auth_01",
            "proxmox_virtual_environment_container.dns_rec_01"
          ]
        }
      ]
    },
    {
      "mode": "managed",
      "type": "proxmox_virtual_environment_container",
      "name": "web",
      "provider": "provider[\"registry.terraform.io/bpg/proxmox\"]",
      "instances": [
        {
          "index_key": "web-01",
          "schema_version": 0,
          "attributes": {
            "clone": [],
            "console": [],
            "cpu": [
              {
                "architecture": "amd64",
                "cores": 1,
                "limit": 0,
                "units": 0
              }
            ],
            "description": "Serveur web (Nginx + PHP-FPM) - membre du cluster web HA\n",
            "device_passthrough": [],
            "disk": [
              {
                "acl": false,
                "datastore_id": "ceph_vm",
                "mount_options": null,
                "path_in_datastore": "ceph_vm:vm-401-disk-0",
                "quota": false,
                "replicate": false,
                "size": 4
              }
            ],
            "environment_variables": null,
            "features": [],
            "hook_script_file_id": "",
            "id": "401",
            "idmap": [],
            "initialization": [
              {
                "dns": [
                  {
                    "domain": "infra.lan",
                    "server": "",
                    "servers": [
                      "10.0.20.10",
                      "1.1.1.1"
                    ]
                  }
                ],
                "entrypoint": "",
                "hostname": "web-01",
                "ip_config": [
                  {
                    "ipv4": [
                      {
                        "address": "10.0.40.11/24",
                        "gateway": "10.0.40.1"
                      }
                    ],
                    "ipv6": []
                  }
                ],
                "user_account": [
                  {
                    "keys": [
                      "ssh-ed25519 AAAAC3NzaC1lZDI1NTE5AAAAIDM3g/RGPiRTceazJfciW3V8UfWTUyI1j85WR8kUHqok root@deploy-bastion"
                    ],
                    "password": "ChangeMe2026!"
                  }
                ]
              }
            ],
            "ipv4": {
              "eth0": "10.0.40.11"
            },
            "ipv6": {
              "eth0": "fe80::be24:11ff:fe90:cc48"
            },
            "memory": [
              {
                "dedicated": 512,
                "swap": 0
              }
            ],
            "mount_point": [],
            "network_interface": [
              {
                "bridge": "vmbr3",
                "enabled": true,
                "firewall": false,
                "host_managed": false,
                "mac_address": "BC:24:11:90:CC:48",
                "mtu": 0,
                "name": "eth0",
                "rate_limit": 0,
                "vlan_id": 40
              }
            ],
            "node_name": "pve-01",
            "operating_system": [
              {
                "template_file_id": "local:vztmpl/debian-13-standard_13.1-2_amd64.tar.zst",
                "type": "debian"
              }
            ],
            "pool_id": null,
            "protection": false,
            "start_on_boot": true,
            "started": true,
            "startup": [
              {
                "down_delay": 5,
                "order": 30,
                "up_delay": 5
              }
            ],
            "tags": [
              "backend",
              "cluster",
              "vlan40",
              "web"
            ],
            "template": false,
            "timeout_clone": 1800,
            "timeout_create": 1800,
            "timeout_delete": 60,
            "timeout_start": 300,
            "timeout_update": 1800,
            "unprivileged": true,
            "vm_id": 401,
            "wait_for_ip": []
          },
          "sensitive_attributes": [
            [
              {
                "type": "get_attr",
                "value": "initialization"
              },
              {
                "type": "index",
                "value": {
                  "value": 0,
                  "type": "number"
                }
              },
              {
                "type": "get_attr",
                "value": "user_account"
              },
              {
                "type": "index",
                "value": {
                  "value": 0,
                  "type": "number"
                }
              },
              {
                "type": "get_attr",
                "value": "password"
              }
            ]
          ],
          "private": "bnVsbA==",
          "dependencies": [
            "proxmox_virtual_environment_container.dns_auth_01",
            "proxmox_virtual_environment_container.dns_rec_01",
            "proxmox_virtual_environment_container.pgsql_01"
          ]
        },
        {
          "index_key": "web-02",
          "schema_version": 0,
          "attributes": {
            "clone": [],
            "console": [],
            "cpu": [
              {
                "architecture": "amd64",
                "cores": 1,
                "limit": 0,
                "units": 0
              }
            ],
            "description": "Serveur web (Nginx + PHP-FPM) - membre du cluster web HA\n",
            "device_passthrough": [],
            "disk": [
              {
                "acl": false,
                "datastore_id": "ceph_vm",
                "mount_options": null,
                "path_in_datastore": "ceph_vm:vm-402-disk-0",
                "quota": false,
                "replicate": false,
                "size": 4
              }
            ],
            "environment_variables": null,
            "features": [],
            "hook_script_file_id": "",
            "id": "402",
            "idmap": [],
            "initialization": [
              {
                "dns": [
                  {
                    "domain": "infra.lan",
                    "server": "",
                    "servers": [
                      "10.0.20.10",
                      "1.1.1.1"
                    ]
                  }
                ],
                "entrypoint": "",
                "hostname": "web-02",
                "ip_config": [
                  {
                    "ipv4": [
                      {
                        "address": "10.0.40.12/24",
                        "gateway": "10.0.40.1"
                      }
                    ],
                    "ipv6": []
                  }
                ],
                "user_account": [
                  {
                    "keys": [
                      "ssh-ed25519 AAAAC3NzaC1lZDI1NTE5AAAAIDM3g/RGPiRTceazJfciW3V8UfWTUyI1j85WR8kUHqok root@deploy-bastion"
                    ],
                    "password": "ChangeMe2026!"
                  }
                ]
              }
            ],
            "ipv4": {
              "eth0": "10.0.40.12"
            },
            "ipv6": {
              "eth0": "fe80::be24:11ff:fe1d:22b6"
            },
            "memory": [
              {
                "dedicated": 512,
                "swap": 0
              }
            ],
            "mount_point": [],
            "network_interface": [
              {
                "bridge": "vmbr3",
                "enabled": true,
                "firewall": false,
                "host_managed": false,
                "mac_address": "BC:24:11:1D:22:B6",
                "mtu": 0,
                "name": "eth0",
                "rate_limit": 0,
                "vlan_id": 40
              }
            ],
            "node_name": "pve-02",
            "operating_system": [
              {
                "template_file_id": "local:vztmpl/debian-13-standard_13.1-2_amd64.tar.zst",
                "type": "debian"
              }
            ],
            "pool_id": null,
            "protection": false,
            "start_on_boot": true,
            "started": true,
            "startup": [
              {
                "down_delay": 5,
                "order": 30,
                "up_delay": 5
              }
            ],
            "tags": [
              "backend",
              "cluster",
              "vlan40",
              "web"
            ],
            "template": false,
            "timeout_clone": 1800,
            "timeout_create": 1800,
            "timeout_delete": 60,
            "timeout_start": 300,
            "timeout_update": 1800,
            "unprivileged": true,
            "vm_id": 402,
            "wait_for_ip": []
          },
          "sensitive_attributes": [
            [
              {
                "type": "get_attr",
                "value": "initialization"
              },
              {
                "type": "index",
                "value": {
                  "value": 0,
                  "type": "number"
                }
              },
              {
                "type": "get_attr",
                "value": "user_account"
              },
              {
                "type": "index",
                "value": {
                  "value": 0,
                  "type": "number"
                }
              },
              {
                "type": "get_attr",
                "value": "password"
              }
            ]
          ],
          "private": "bnVsbA==",
          "dependencies": [
            "proxmox_virtual_environment_container.dns_auth_01",
            "proxmox_virtual_environment_container.dns_rec_01",
            "proxmox_virtual_environment_container.pgsql_01"
          ]
        },
        {
          "index_key": "web-03",
          "schema_version": 0,
          "attributes": {
            "clone": [],
            "console": [],
            "cpu": [
              {
                "architecture": "amd64",
                "cores": 1,
                "limit": 0,
                "units": 0
              }
            ],
            "description": "Serveur web (Nginx + PHP-FPM) - membre du cluster web HA\n",
            "device_passthrough": [],
            "disk": [
              {
                "acl": false,
                "datastore_id": "ceph_vm",
                "mount_options": null,
                "path_in_datastore": "ceph_vm:vm-403-disk-0",
                "quota": false,
                "replicate": false,
                "size": 4
              }
            ],
            "environment_variables": null,
            "features": [],
            "hook_script_file_id": "",
            "id": "403",
            "idmap": [],
            "initialization": [
              {
                "dns": [
                  {
                    "domain": "infra.lan",
                    "server": "",
                    "servers": [
                      "10.0.20.10",
                      "1.1.1.1"
                    ]
                  }
                ],
                "entrypoint": "",
                "hostname": "web-03",
                "ip_config": [
                  {
                    "ipv4": [
                      {
                        "address": "10.0.40.13/24",
                        "gateway": "10.0.40.1"
                      }
                    ],
                    "ipv6": []
                  }
                ],
                "user_account": [
                  {
                    "keys": [
                      "ssh-ed25519 AAAAC3NzaC1lZDI1NTE5AAAAIDM3g/RGPiRTceazJfciW3V8UfWTUyI1j85WR8kUHqok root@deploy-bastion"
                    ],
                    "password": "ChangeMe2026!"
                  }
                ]
              }
            ],
            "ipv4": {
              "eth0": "10.0.40.13"
            },
            "ipv6": {
              "eth0": "fe80::be24:11ff:fe5f:f73a"
            },
            "memory": [
              {
                "dedicated": 512,
                "swap": 0
              }
            ],
            "mount_point": [],
            "network_interface": [
              {
                "bridge": "vmbr3",
                "enabled": true,
                "firewall": false,
                "host_managed": false,
                "mac_address": "BC:24:11:5F:F7:3A",
                "mtu": 0,
                "name": "eth0",
                "rate_limit": 0,
                "vlan_id": 40
              }
            ],
            "node_name": "pve-03",
            "operating_system": [
              {
                "template_file_id": "local:vztmpl/debian-13-standard_13.1-2_amd64.tar.zst",
                "type": "debian"
              }
            ],
            "pool_id": null,
            "protection": false,
            "start_on_boot": true,
            "started": true,
            "startup": [
              {
                "down_delay": 5,
                "order": 30,
                "up_delay": 5
              }
            ],
            "tags": [
              "backend",
              "cluster",
              "vlan40",
              "web"
            ],
            "template": false,
            "timeout_clone": 1800,
            "timeout_create": 1800,
            "timeout_delete": 60,
            "timeout_start": 300,
            "timeout_update": 1800,
            "unprivileged": true,
            "vm_id": 403,
            "wait_for_ip": []
          },
          "sensitive_attributes": [
            [
              {
                "type": "get_attr",
                "value": "initialization"
              },
              {
                "type": "index",
                "value": {
                  "value": 0,
                  "type": "number"
                }
              },
              {
                "type": "get_attr",
                "value": "user_account"
              },
              {
                "type": "index",
                "value": {
                  "value": 0,
                  "type": "number"
                }
              },
              {
                "type": "get_attr",
                "value": "password"
              }
            ]
          ],
          "private": "bnVsbA==",
          "dependencies": [
            "proxmox_virtual_environment_container.dns_auth_01",
            "proxmox_virtual_environment_container.dns_rec_01",
            "proxmox_virtual_environment_container.pgsql_01"
          ]
        }
      ]
    }
  ],
  "check_results": null
}
