{
  "version": 4,
  "terraform_version": "1.9.0",
  "serial": 5,
  "lineage": "3c3a3fa1-b826-c9a4-3a19-bd326c07a2b1",
  "outputs": {
    "nextcloud_summary": {
      "value": {
        "hostname": "nextcloud-01",
        "ip": "10.0.20.60",
        "nat_rule": "Sur OPNsense : Firewall → NAT → Port Forward → WAN:8090 → 10.0.20.60:8080",
        "node": "pve-02",
        "public_url": "http://192.168.80.143:8090 (après NAT inbound OPNsense)",
        "resources": "2 vCPU / 2 GB RAM / 12 GB disque",
        "vlan": "20 (CORE)",
        "vmid": 207,
        "web_ui": "http://10.0.20.60:8080"
      },
      "type": [
        "object",
        {
          "hostname": "string",
          "ip": "string",
          "nat_rule": "string",
          "node": "string",
          "public_url": "string",
          "resources": "string",
          "vlan": "string",
          "vmid": "number",
          "web_ui": "string"
        }
      ]
    }
  },
  "resources": [
    {
      "mode": "managed",
      "type": "proxmox_virtual_environment_container",
      "name": "nextcloud_01",
      "provider": "provider[\"registry.terraform.io/bpg/proxmox\"]",
      "instances": [
        {
          "schema_version": 0,
          "attributes": {
            "clone": [],
            "console": [
              {
                "enabled": true,
                "tty_count": 2,
                "type": "tty"
              }
            ],
            "cpu": [
              {
                "architecture": "amd64",
                "cores": 2,
                "limit": 0,
                "units": 0
              }
            ],
            "description": "Nextcloud (Docker) - VLAN 20 CORE\n",
            "device_passthrough": [],
            "disk": [
              {
                "acl": false,
                "datastore_id": "ceph_vm",
                "mount_options": null,
                "path_in_datastore": "ceph_vm:vm-207-disk-0",
                "quota": false,
                "replicate": false,
                "size": 12
              }
            ],
            "environment_variables": null,
            "features": [
              {
                "fuse": false,
                "keyctl": false,
                "mknod": false,
                "mount": null,
                "nesting": true
              }
            ],
            "hook_script_file_id": "",
            "id": "207",
            "idmap": [],
            "initialization": [
              {
                "dns": [
                  {
                    "domain": "infra.lan",
                    "server": "",
                    "servers": [
                      "10.0.20.10"
                    ]
                  }
                ],
                "entrypoint": "",
                "hostname": "nextcloud-01",
                "ip_config": [
                  {
                    "ipv4": [
                      {
                        "address": "10.0.20.60/24",
                        "gateway": "10.0.20.1"
                      }
                    ],
                    "ipv6": []
                  }
                ],
                "user_account": [
                  {
                    "keys": [
                      "ssh-ed25519 AAAAC3NzaC1lZDI1NTE5AAAAIBik/p4r9xFT3KyVv4h6/a1kjJPAXMqmi/tlIgNi6bte root@bastion"
                    ],
                    "password": "Ynov2026!"
                  }
                ]
              }
            ],
            "ipv4": {
              "eth0": "10.0.20.60"
            },
            "ipv6": {
              "eth0": "fe80::be24:11ff:fea4:e9ac"
            },
            "memory": [
              {
                "dedicated": 2048,
                "swap": 512
              }
            ],
            "mount_point": [],
            "network_interface": [
              {
                "bridge": "vmbr3",
                "enabled": true,
                "firewall": false,
                "host_managed": false,
                "mac_address": "BC:24:11:A4:E9:AC",
                "mtu": 0,
                "name": "eth0",
                "rate_limit": 0,
                "vlan_id": 20
              }
            ],
            "node_name": "pve-02",
            "operating_system": [
              {
                "template_file_id": "local:vztmpl/debian-13-standard_13.1-2_amd64.tar.zst",
                "type": "debian"
              }
            ],
            "pool_id": null,
            "protection": false,
            "start_on_boot": true,
            "started": true,
            "startup": [
              {
                "down_delay": 20,
                "order": 50,
                "up_delay": 20
              }
            ],
            "tags": [
              "core",
              "docker",
              "nextcloud",
              "vlan20"
            ],
            "template": false,
            "timeout_clone": 1800,
            "timeout_create": 1800,
            "timeout_delete": 60,
            "timeout_start": 300,
            "timeout_update": 1800,
            "unprivileged": true,
            "vm_id": 207,
            "wait_for_ip": []
          },
          "sensitive_attributes": [
            [
              {
                "type": "get_attr",
                "value": "initialization"
              },
              {
                "type": "index",
                "value": {
                  "value": 0,
                  "type": "number"
                }
              },
              {
                "type": "get_attr",
                "value": "user_account"
              },
              {
                "type": "index",
                "value": {
                  "value": 0,
                  "type": "number"
                }
              },
              {
                "type": "get_attr",
                "value": "password"
              }
            ]
          ],
          "private": "bnVsbA=="
        }
      ]
    }
  ],
  "check_results": null
}
