{
  "version": 4,
  "terraform_version": "1.9.0",
  "serial": 35,
  "lineage": "5638463d-e0b9-b01d-2251-a62e109e9621",
  "outputs": {
    "grafana_url": {
      "value": "http://10.0.60.10:3000",
      "type": "string"
    },
    "loki_url": {
      "value": "http://10.0.60.10:3100",
      "type": "string"
    },
    "monitoring_ip": {
      "value": "10.0.60.10",
      "type": "string"
    },
    "prometheus_url": {
      "value": "http://10.0.60.10:9090",
      "type": "string"
    }
  },
  "resources": [
    {
      "mode": "managed",
      "type": "proxmox_virtual_environment_container",
      "name": "monitoring",
      "provider": "provider[\"registry.terraform.io/bpg/proxmox\"]",
      "instances": [
        {
          "schema_version": 0,
          "attributes": {
            "clone": [],
            "console": [],
            "cpu": [
              {
                "architecture": "amd64",
                "cores": 2,
                "limit": 0,
                "units": 0
              }
            ],
            "description": "Monitoring all-in-one (Prometheus + Grafana + Loki + Promtail)\n",
            "device_passthrough": [],
            "disk": [
              {
                "acl": false,
                "datastore_id": "ceph_vm",
                "mount_options": null,
                "path_in_datastore": "ceph_vm:vm-501-disk-0",
                "quota": false,
                "replicate": false,
                "size": 6
              }
            ],
            "environment_variables": null,
            "features": [
              {
                "fuse": false,
                "keyctl": false,
                "mknod": false,
                "mount": null,
                "nesting": true
              }
            ],
            "hook_script_file_id": "",
            "id": "501",
            "idmap": [],
            "initialization": [
              {
                "dns": [
                  {
                    "domain": "infra.lan",
                    "server": "",
                    "servers": [
                      "10.0.20.10",
                      "1.1.1.1"
                    ]
                  }
                ],
                "entrypoint": "",
                "hostname": "monitoring-01",
                "ip_config": [
                  {
                    "ipv4": [
                      {
                        "address": "10.0.60.10/24",
                        "gateway": "10.0.60.1"
                      }
                    ],
                    "ipv6": []
                  }
                ],
                "user_account": [
                  {
                    "keys": [
                      "ssh-ed25519 AAAAC3NzaC1lZDI1NTE5AAAAIDM3g/RGPiRTceazJfciW3V8UfWTUyI1j85WR8kUHqok root@deploy-bastion"
                    ],
                    "password": "Ynov2026!Mon"
                  }
                ]
              }
            ],
            "ipv4": {
              "eth0": "10.0.60.10"
            },
            "ipv6": {
              "eth0": "fe80::be24:11ff:fee3:5bdc"
            },
            "memory": [
              {
                "dedicated": 1536,
                "swap": 512
              }
            ],
            "mount_point": [],
            "network_interface": [
              {
                "bridge": "vmbr3",
                "enabled": true,
                "firewall": false,
                "host_managed": false,
                "mac_address": "BC:24:11:E3:5B:DC",
                "mtu": 0,
                "name": "eth0",
                "rate_limit": 0,
                "vlan_id": 60
              }
            ],
            "node_name": "pve-02",
            "operating_system": [
              {
                "template_file_id": "local:vztmpl/debian-13-standard_13.1-2_amd64.tar.zst",
                "type": "debian"
              }
            ],
            "pool_id": null,
            "protection": false,
            "start_on_boot": true,
            "started": true,
            "startup": [
              {
                "down_delay": 5,
                "order": 50,
                "up_delay": 10
              }
            ],
            "tags": [
              "grafana",
              "loki",
              "monitoring",
              "prometheus",
              "vlan60"
            ],
            "template": false,
            "timeout_clone": 1800,
            "timeout_create": 1800,
            "timeout_delete": 60,
            "timeout_start": 300,
            "timeout_update": 1800,
            "unprivileged": true,
            "vm_id": 501,
            "wait_for_ip": []
          },
          "sensitive_attributes": [
            [
              {
                "type": "get_attr",
                "value": "initialization"
              },
              {
                "type": "index",
                "value": {
                  "value": 0,
                  "type": "number"
                }
              },
              {
                "type": "get_attr",
                "value": "user_account"
              },
              {
                "type": "index",
                "value": {
                  "value": 0,
                  "type": "number"
                }
              },
              {
                "type": "get_attr",
                "value": "password"
              }
            ]
          ],
          "private": "bnVsbA=="
        }
      ]
    }
  ],
  "check_results": null
}
