{
  "version": 4,
  "terraform_version": "1.9.0",
  "serial": 17,
  "lineage": "a450eb7d-9b09-ba43-8b19-9bf2e0398b59",
  "outputs": {
    "pbs_summary": {
      "value": {
        "bios": "OVMF (UEFI)",
        "disk": "4 GB (POC)",
        "hostname": "pbs-01",
        "ip_target": "10.0.60.20",
        "machine": "Q35",
        "memory": "1024 MB",
        "node": "pve-03",
        "note": "Installation initiale interactive via console PVE",
        "vcpu": "1",
        "vlan": "60 (MONITORING)",
        "vmid": 700,
        "web_ui": "https://10.0.60.20:8007"
      },
      "type": [
        "object",
        {
          "bios": "string",
          "disk": "string",
          "hostname": "string",
          "ip_target": "string",
          "machine": "string",
          "memory": "string",
          "node": "string",
          "note": "string",
          "vcpu": "string",
          "vlan": "string",
          "vmid": "number",
          "web_ui": "string"
        }
      ]
    }
  },
  "resources": [
    {
      "mode": "managed",
      "type": "proxmox_virtual_environment_vm",
      "name": "pbs_01",
      "provider": "provider[\"registry.terraform.io/bpg/proxmox\"]",
      "instances": [
        {
          "schema_version": 0,
          "attributes": {
            "acpi": true,
            "agent": [
              {
                "enabled": false,
                "timeout": "15m",
                "trim": false,
                "type": "virtio",
                "wait_for_ip": []
              }
            ],
            "amd_sev": [],
            "audio_device": [],
            "bios": "ovmf",
            "boot_order": [
              "ide2",
              "scsi0"
            ],
            "cdrom": [
              {
                "enabled": false,
                "file_id": "local:iso/proxmox-backup-server_4.2-1.iso",
                "interface": "ide2"
              }
            ],
            "clone": [],
            "cpu": [
              {
                "affinity": "",
                "architecture": "",
                "cores": 2,
                "flags": null,
                "hotplugged": 0,
                "limit": 0,
                "numa": false,
                "sockets": 1,
                "type": "host",
                "units": 0
              }
            ],
            "delete_unreferenced_disks_on_destroy": true,
            "description": "Proxmox Backup Server - VLAN 60 MONITORING (POC)",
            "disk": [
              {
                "aio": "io_uring",
                "backup": true,
                "cache": "none",
                "datastore_id": "local-lvm",
                "discard": "on",
                "file_format": "raw",
                "file_id": "",
                "import_from": "",
                "interface": "scsi0",
                "iothread": false,
                "path_in_datastore": "vm-700-disk-1",
                "queues": 0,
                "replicate": true,
                "serial": "",
                "size": 8,
                "speed": [],
                "ssd": true
              }
            ],
            "efi_disk": [
              {
                "datastore_id": "local-lvm",
                "file_format": "raw",
                "pre_enrolled_keys": false,
                "type": "4m"
              }
            ],
            "hook_script_file_id": "",
            "hostpci": [],
            "hotplug": null,
            "id": "700",
            "initialization": [],
            "ipv4_addresses": [],
            "ipv6_addresses": [],
            "keyboard_layout": "en-us",
            "kvm_arguments": "",
            "mac_addresses": [
              "BC:24:11:BD:A0:BF"
            ],
            "machine": "q35",
            "memory": [
              {
                "dedicated": 2048,
                "floating": 0,
                "hugepages": "",
                "keep_hugepages": false,
                "shared": 0
              }
            ],
            "migrate": false,
            "name": "pbs-01",
            "network_device": [
              {
                "bridge": "vmbr3",
                "disconnected": false,
                "enabled": true,
                "firewall": false,
                "mac_address": "BC:24:11:BD:A0:BF",
                "model": "virtio",
                "mtu": 0,
                "queues": 0,
                "rate_limit": 0,
                "trunks": "",
                "vlan_id": 60
              }
            ],
            "network_interface_names": [],
            "node_name": "pve-03",
            "numa": [],
            "on_boot": true,
            "operating_system": [
              {
                "type": "l26"
              }
            ],
            "pool_id": "",
            "protection": false,
            "purge_on_destroy": true,
            "reboot": false,
            "reboot_after_update": true,
            "rng": [],
            "scsi_hardware": "virtio-scsi-single",
            "serial_device": [],
            "smbios": [],
            "started": true,
            "startup": [
              {
                "down_delay": 30,
                "order": 100,
                "up_delay": 30
              }
            ],
            "stop_on_destroy": false,
            "tablet_device": true,
            "tags": [
              "backup",
              "monitoring",
              "pbs",
              "vlan60"
            ],
            "template": false,
            "timeout_clone": 1800,
            "timeout_create": 1800,
            "timeout_migrate": 1800,
            "timeout_move_disk": 1800,
            "timeout_reboot": 1800,
            "timeout_shutdown_vm": 1800,
            "timeout_start_vm": 1800,
            "timeout_stop_vm": 300,
            "tpm_state": [],
            "usb": [],
            "vga": [],
            "virtiofs": [],
            "vm_id": 700,
            "watchdog": []
          },
          "sensitive_attributes": [],
          "private": "bnVsbA=="
        }
      ]
    }
  ],
  "check_results": null
}
