{
  "version": 4,
  "terraform_version": "1.9.0",
  "serial": 5,
  "lineage": "eda710ba-b28f-8081-ce79-56740c7cffc8",
  "outputs": {
    "nas_summary": {
      "value": {
        "hostname": "nas-01",
        "ip": "10.0.99.10",
        "node": "pve-03",
        "shares": "smb://10.0.99.10/public  smb://10.0.99.10/documents  smb://10.0.99.10/backups",
        "vlan": "99 (BACKUP)"
      },
      "type": [
        "object",
        {
          "hostname": "string",
          "ip": "string",
          "node": "string",
          "shares": "string",
          "vlan": "string"
        }
      ]
    }
  },
  "resources": [
    {
      "mode": "managed",
      "type": "proxmox_virtual_environment_container",
      "name": "nas_01",
      "provider": "provider[\"registry.terraform.io/bpg/proxmox\"]",
      "instances": [
        {
          "schema_version": 0,
          "attributes": {
            "clone": [],
            "console": [],
            "cpu": [
              {
                "architecture": "amd64",
                "cores": 1,
                "limit": 0,
                "units": 0
              }
            ],
            "description": "Serveur de fichiers Samba (NAS) - VLAN 99 BACKUP\n",
            "device_passthrough": [],
            "disk": [
              {
                "acl": false,
                "datastore_id": "ceph_vm",
                "mount_options": null,
                "path_in_datastore": "ceph_vm:vm-601-disk-0",
                "quota": false,
                "replicate": false,
                "size": 5
              }
            ],
            "environment_variables": null,
            "features": [
              {
                "fuse": false,
                "keyctl": false,
                "mknod": false,
                "mount": null,
                "nesting": false
              }
            ],
            "hook_script_file_id": "",
            "id": "601",
            "idmap": [],
            "initialization": [
              {
                "dns": [
                  {
                    "domain": "infra.lan",
                    "server": "",
                    "servers": [
                      "10.0.20.10",
                      "1.1.1.1"
                    ]
                  }
                ],
                "entrypoint": "",
                "hostname": "nas-01",
                "ip_config": [
                  {
                    "ipv4": [
                      {
                        "address": "10.0.99.10/24",
                        "gateway": "10.0.99.1"
                      }
                    ],
                    "ipv6": []
                  }
                ],
                "user_account": [
                  {
                    "keys": [
                      "ssh-ed25519 AAAAC3NzaC1lZDI1NTE5AAAAIDM3g/RGPiRTceazJfciW3V8UfWTUyI1j85WR8kUHqok root@deploy-bastion"
                    ],
                    "password": "ChangeMe2026!"
                  }
                ]
              }
            ],
            "ipv4": {
              "eth0": "10.0.99.10"
            },
            "ipv6": {
              "eth0": "fe80::be24:11ff:fe71:e667"
            },
            "memory": [
              {
                "dedicated": 256,
                "swap": 256
              }
            ],
            "mount_point": [],
            "network_interface": [
              {
                "bridge": "vmbr3",
                "enabled": true,
                "firewall": false,
                "host_managed": false,
                "mac_address": "BC:24:11:71:E6:67",
                "mtu": 0,
                "name": "eth0",
                "rate_limit": 0,
                "vlan_id": 99
              }
            ],
            "node_name": "pve-03",
            "operating_system": [
              {
                "template_file_id": "local:vztmpl/debian-13-standard_13.1-2_amd64.tar.zst",
                "type": "debian"
              }
            ],
            "pool_id": null,
            "protection": false,
            "start_on_boot": true,
            "started": true,
            "startup": [
              {
                "down_delay": 5,
                "order": 70,
                "up_delay": 5
              }
            ],
            "tags": [
              "backup",
              "fileserver",
              "nas",
              "samba",
              "vlan99"
            ],
            "template": false,
            "timeout_clone": 1800,
            "timeout_create": 1800,
            "timeout_delete": 60,
            "timeout_start": 300,
            "timeout_update": 1800,
            "unprivileged": true,
            "vm_id": 601,
            "wait_for_ip": []
          },
          "sensitive_attributes": [
            [
              {
                "type": "get_attr",
                "value": "initialization"
              },
              {
                "type": "index",
                "value": {
                  "value": 0,
                  "type": "number"
                }
              },
              {
                "type": "get_attr",
                "value": "user_account"
              },
              {
                "type": "index",
                "value": {
                  "value": 0,
                  "type": "number"
                }
              },
              {
                "type": "get_attr",
                "value": "password"
              }
            ]
          ],
          "private": "bnVsbA=="
        }
      ]
    }
  ],
  "check_results": null
}
