{
  "version": 4,
  "terraform_version": "1.9.0",
  "serial": 9,
  "lineage": "0e4e779a-a48c-ef37-2ac1-632e2a27e3ba",
  "outputs": {
    "netbox_summary": {
      "value": {
        "hostname": "netbox-01",
        "ip": "10.0.20.30",
        "node": "pve-02",
        "url": "http://10.0.20.30",
        "vlan": "20 (CORE)"
      },
      "type": [
        "object",
        {
          "hostname": "string",
          "ip": "string",
          "node": "string",
          "url": "string",
          "vlan": "string"
        }
      ]
    }
  },
  "resources": [
    {
      "mode": "managed",
      "type": "proxmox_virtual_environment_container",
      "name": "netbox_01",
      "provider": "provider[\"registry.terraform.io/bpg/proxmox\"]",
      "instances": [
        {
          "schema_version": 0,
          "attributes": {
            "clone": [],
            "console": [],
            "cpu": [
              {
                "architecture": "amd64",
                "cores": 2,
                "limit": 0,
                "units": 0
              }
            ],
            "description": "IPAM NetBox (Django + PostgreSQL + Redis) - VLAN 20 CORE\n",
            "device_passthrough": [],
            "disk": [
              {
                "acl": false,
                "datastore_id": "ceph_vm",
                "mount_options": null,
                "path_in_datastore": "ceph_vm:vm-304-disk-0",
                "quota": false,
                "replicate": false,
                "size": 4
              }
            ],
            "environment_variables": null,
            "features": [
              {
                "fuse": false,
                "keyctl": false,
                "mknod": false,
                "mount": null,
                "nesting": false
              }
            ],
            "hook_script_file_id": "",
            "id": "304",
            "idmap": [],
            "initialization": [
              {
                "dns": [
                  {
                    "domain": "infra.lan",
                    "server": "",
                    "servers": [
                      "10.0.20.10",
                      "1.1.1.1"
                    ]
                  }
                ],
                "entrypoint": "",
                "hostname": "netbox-01",
                "ip_config": [
                  {
                    "ipv4": [
                      {
                        "address": "10.0.20.30/24",
                        "gateway": "10.0.20.1"
                      }
                    ],
                    "ipv6": []
                  }
                ],
                "user_account": [
                  {
                    "keys": [
                      "ssh-ed25519 AAAAC3NzaC1lZDI1NTE5AAAAIDM3g/RGPiRTceazJfciW3V8UfWTUyI1j85WR8kUHqok root@deploy-bastion"
                    ],
                    "password": "ChangeMe2026!"
                  }
                ]
              }
            ],
            "ipv4": {
              "eth0": "10.0.20.30"
            },
            "ipv6": {
              "eth0": "fe80::be24:11ff:fe12:ab19"
            },
            "memory": [
              {
                "dedicated": 1024,
                "swap": 512
              }
            ],
            "mount_point": [],
            "network_interface": [
              {
                "bridge": "vmbr3",
                "enabled": true,
                "firewall": false,
                "host_managed": false,
                "mac_address": "BC:24:11:12:AB:19",
                "mtu": 0,
                "name": "eth0",
                "rate_limit": 0,
                "vlan_id": 20
              }
            ],
            "node_name": "pve-02",
            "operating_system": [
              {
                "template_file_id": "local:vztmpl/debian-13-standard_13.1-2_amd64.tar.zst",
                "type": "debian"
              }
            ],
            "pool_id": null,
            "protection": false,
            "start_on_boot": true,
            "started": true,
            "startup": [
              {
                "down_delay": 5,
                "order": 50,
                "up_delay": 5
              }
            ],
            "tags": [
              "core",
              "ipam",
              "netbox",
              "vlan20"
            ],
            "template": false,
            "timeout_clone": 1800,
            "timeout_create": 1800,
            "timeout_delete": 60,
            "timeout_start": 300,
            "timeout_update": 1800,
            "unprivileged": true,
            "vm_id": 304,
            "wait_for_ip": []
          },
          "sensitive_attributes": [
            [
              {
                "type": "get_attr",
                "value": "initialization"
              },
              {
                "type": "index",
                "value": {
                  "value": 0,
                  "type": "number"
                }
              },
              {
                "type": "get_attr",
                "value": "user_account"
              },
              {
                "type": "index",
                "value": {
                  "value": 0,
                  "type": "number"
                }
              },
              {
                "type": "get_attr",
                "value": "password"
              }
            ]
          ],
          "private": "bnVsbA=="
        }
      ]
    }
  ],
  "check_results": null
}
