{
  "version": 4,
  "terraform_version": "1.9.0",
  "serial": 5,
  "lineage": "0627617c-f8de-a745-3a0a-777ce0275624",
  "outputs": {
    "ldap_summary": {
      "value": {
        "admin_dn": "cn=admin,dc=infra,dc=lan",
        "base_dn": "dc=infra,dc=lan",
        "hostname": "ldap-01",
        "ip": "10.0.20.40",
        "ldap_uri": "ldap://10.0.20.40:389",
        "node": "pve-03",
        "vlan": "20 (CORE)"
      },
      "type": [
        "object",
        {
          "admin_dn": "string",
          "base_dn": "string",
          "hostname": "string",
          "ip": "string",
          "ldap_uri": "string",
          "node": "string",
          "vlan": "string"
        }
      ]
    }
  },
  "resources": [
    {
      "mode": "managed",
      "type": "proxmox_virtual_environment_container",
      "name": "ldap_01",
      "provider": "provider[\"registry.terraform.io/bpg/proxmox\"]",
      "instances": [
        {
          "schema_version": 0,
          "attributes": {
            "clone": [],
            "console": [],
            "cpu": [
              {
                "architecture": "amd64",
                "cores": 1,
                "limit": 0,
                "units": 0
              }
            ],
            "description": "OpenLDAP - VLAN 20 CORE\n",
            "device_passthrough": [],
            "disk": [
              {
                "acl": false,
                "datastore_id": "ceph_vm",
                "mount_options": null,
                "path_in_datastore": "ceph_vm:vm-800-disk-0",
                "quota": false,
                "replicate": false,
                "size": 2
              }
            ],
            "environment_variables": null,
            "features": [
              {
                "fuse": false,
                "keyctl": false,
                "mknod": false,
                "mount": null,
                "nesting": false
              }
            ],
            "hook_script_file_id": "",
            "id": "800",
            "idmap": [],
            "initialization": [
              {
                "dns": [
                  {
                    "domain": "infra.lan",
                    "server": "",
                    "servers": [
                      "10.0.20.10",
                      "1.1.1.1"
                    ]
                  }
                ],
                "entrypoint": "",
                "hostname": "ldap-01",
                "ip_config": [
                  {
                    "ipv4": [
                      {
                        "address": "10.0.20.40/24",
                        "gateway": "10.0.20.1"
                      }
                    ],
                    "ipv6": []
                  }
                ],
                "user_account": [
                  {
                    "keys": [
                      "ssh-ed25519 AAAAC3NzaC1lZDI1NTE5AAAAIBik/p4r9xFT3KyVv4h6/a1kjJPAXMqmi/tlIgNi6bte root@bastion"
                    ],
                    "password": "Ynov2026!"
                  }
                ]
              }
            ],
            "ipv4": {
              "eth0": "10.0.20.40"
            },
            "ipv6": {
              "eth0": "fe80::be24:11ff:fe5c:ea24"
            },
            "memory": [
              {
                "dedicated": 256,
                "swap": 256
              }
            ],
            "mount_point": [],
            "network_interface": [
              {
                "bridge": "vmbr3",
                "enabled": true,
                "firewall": false,
                "host_managed": false,
                "mac_address": "BC:24:11:5C:EA:24",
                "mtu": 0,
                "name": "eth0",
                "rate_limit": 0,
                "vlan_id": 20
              }
            ],
            "node_name": "pve-03",
            "operating_system": [
              {
                "template_file_id": "local:vztmpl/debian-13-standard_13.1-2_amd64.tar.zst",
                "type": "debian"
              }
            ],
            "pool_id": null,
            "protection": false,
            "start_on_boot": true,
            "started": true,
            "startup": [
              {
                "down_delay": 5,
                "order": 60,
                "up_delay": 5
              }
            ],
            "tags": [
              "auth",
              "core",
              "ldap",
              "openldap",
              "vlan20"
            ],
            "template": false,
            "timeout_clone": 1800,
            "timeout_create": 1800,
            "timeout_delete": 60,
            "timeout_start": 300,
            "timeout_update": 1800,
            "unprivileged": true,
            "vm_id": 800,
            "wait_for_ip": []
          },
          "sensitive_attributes": [
            [
              {
                "type": "get_attr",
                "value": "initialization"
              },
              {
                "type": "index",
                "value": {
                  "value": 0,
                  "type": "number"
                }
              },
              {
                "type": "get_attr",
                "value": "user_account"
              },
              {
                "type": "index",
                "value": {
                  "value": 0,
                  "type": "number"
                }
              },
              {
                "type": "get_attr",
                "value": "password"
              }
            ]
          ],
          "private": "bnVsbA=="
        }
      ]
    }
  ],
  "check_results": null
}
